
Microsoft Visual Studio Solution File, Format Version 12.00
# Visual Studio 2015
Project("{FAE04EC0-301F-11D3-BF4B-00C04F79EFBC}") = "BitchinPigeon.CSharp.Plugins", "BitchinPigeon.CSharp.Plugins.csproj", "{1D538211-997C-066A-C93A-7F90F1EA9AA4}"
EndProject
Project("{FAE04EC0-301F-11D3-BF4B-00C04F79EFBC}") = "BitchinPigeon.CSharp", "BitchinPigeon.CSharp.csproj", "{4702780F-E65D-0B7A-8A33-08CC1513CBFA}"
EndProject
Project("{FAE04EC0-301F-11D3-BF4B-00C04F79EFBC}") = "BitchinPigeon.CSharp.Editor.Plugins", "BitchinPigeon.CSharp.Editor.Plugins.csproj", "{1FFBD215-CEF1-7FA4-CDA2-2B24749C8C62}"
EndProject
Global
	GlobalSection(SolutionConfigurationPlatforms) = preSolution
		Debug|Any CPU = Debug|Any CPU
		Release|Any CPU = Release|Any CPU
	EndGlobalSection
	GlobalSection(ProjectConfigurationPlatforms) = postSolution
		{1D538211-997C-066A-C93A-7F90F1EA9AA4}.Debug|Any CPU.ActiveCfg = Debug|Any CPU
		{1D538211-997C-066A-C93A-7F90F1EA9AA4}.Debug|Any CPU.Build.0 = Debug|Any CPU
		{1D538211-997C-066A-C93A-7F90F1EA9AA4}.Release|Any CPU.ActiveCfg = Release|Any CPU
		{1D538211-997C-066A-C93A-7F90F1EA9AA4}.Release|Any CPU.Build.0 = Release|Any CPU
		{4702780F-E65D-0B7A-8A33-08CC1513CBFA}.Debug|Any CPU.ActiveCfg = Debug|Any CPU
		{4702780F-E65D-0B7A-8A33-08CC1513CBFA}.Debug|Any CPU.Build.0 = Debug|Any CPU
		{4702780F-E65D-0B7A-8A33-08CC1513CBFA}.Release|Any CPU.ActiveCfg = Release|Any CPU
		{4702780F-E65D-0B7A-8A33-08CC1513CBFA}.Release|Any CPU.Build.0 = Release|Any CPU
		{1FFBD215-CEF1-7FA4-CDA2-2B24749C8C62}.Debug|Any CPU.ActiveCfg = Debug|Any CPU
		{1FFBD215-CEF1-7FA4-CDA2-2B24749C8C62}.Debug|Any CPU.Build.0 = Debug|Any CPU
		{1FFBD215-CEF1-7FA4-CDA2-2B24749C8C62}.Release|Any CPU.ActiveCfg = Release|Any CPU
		{1FFBD215-CEF1-7FA4-CDA2-2B24749C8C62}.Release|Any CPU.Build.0 = Release|Any CPU
	EndGlobalSection
	GlobalSection(SolutionProperties) = preSolution
		HideSolutionNode = FALSE
	EndGlobalSection
EndGlobal
